// !$*UTF8*$!
{
	archiveVersion = 1;
	classes = {
	};
	objectVersion = 51;
	objects = {

/* Begin PBXBuildFile section */
		4E07FCAA22B4D21300FBFC00 /* MatchesNavBar.swift in Sources */ = {isa = PBXBuildFile; fileRef = 4E07FCA922B4D21300FBFC00 /* MatchesNavBar.swift */; };
		4E123EEB229BC5370003AF66 /* UserDdetailVC.swift in Sources */ = {isa = PBXBuildFile; fileRef = 4E123EEA229BC5370003AF66 /* UserDdetailVC.swift */; };
		4E21CE8C22B63AAD00D70453 /* MessageModel.swift in Sources */ = {isa = PBXBuildFile; fileRef = 4E21CE8B22B63AAD00D70453 /* MessageModel.swift */; };
		4E4FA03E2296BA8000F7EBC8 /* CustomHeaderLabel.swift in Sources */ = {isa = PBXBuildFile; fileRef = 4E4FA03D2296BA8000F7EBC8 /* CustomHeaderLabel.swift */; };
		4E4FA0402296BC2600F7EBC8 /* SettingCell.swift in Sources */ = {isa = PBXBuildFile; fileRef = 4E4FA03F2296BC2600F7EBC8 /* SettingCell.swift */; };
		4E6230B1229EA263002184DF /* MatchView.swift in Sources */ = {isa = PBXBuildFile; fileRef = 4E6230B0229EA263002184DF /* MatchView.swift */; };
		4E62F27122993DA300309753 /* LoginVC.swift in Sources */ = {isa = PBXBuildFile; fileRef = 4E62F27022993DA300309753 /* LoginVC.swift */; };
		4E67556F229EADA800913B21 /* KeepSwipingButton.swift in Sources */ = {isa = PBXBuildFile; fileRef = 4E67556E229EADA800913B21 /* KeepSwipingButton.swift */; };
		4E675571229EAE0800913B21 /* SendMessageButton.swift in Sources */ = {isa = PBXBuildFile; fileRef = 4E675570229EAE0800913B21 /* SendMessageButton.swift */; };
		4E6A76B9229691AF00BFDDE9 /* SettingVC.swift in Sources */ = {isa = PBXBuildFile; fileRef = 4E6A76B8229691AF00BFDDE9 /* SettingVC.swift */; };
		4E6A76BB2296978F00BFDDE9 /* CustomImagePickerController.swift in Sources */ = {isa = PBXBuildFile; fileRef = 4E6A76BA2296978F00BFDDE9 /* CustomImagePickerController.swift */; };
		4E6BB3E222994DBB0099B030 /* LoginViewModel.swift in Sources */ = {isa = PBXBuildFile; fileRef = 4E6BB3E122994DBB0099B030 /* LoginViewModel.swift */; };
		4E7067F4229591E400F70242 /* GoogleService-Info.plist in Resources */ = {isa = PBXBuildFile; fileRef = 4E7067F3229591E400F70242 /* GoogleService-Info.plist */; };
		4E7067F62295998200F70242 /* Bindable.swift in Sources */ = {isa = PBXBuildFile; fileRef = 4E7067F52295998200F70242 /* Bindable.swift */; };
		4E72518022B6259E00F4EBBF /* ChatLogMessageVC.swift in Sources */ = {isa = PBXBuildFile; fileRef = 4E72517F22B6259E00F4EBBF /* ChatLogMessageVC.swift */; };
		4E72518222B625E200F4EBBF /* ChatMessageCell.swift in Sources */ = {isa = PBXBuildFile; fileRef = 4E72518122B625E200F4EBBF /* ChatMessageCell.swift */; };
		4E72518422B6269E00F4EBBF /* MessagesNavBar.swift in Sources */ = {isa = PBXBuildFile; fileRef = 4E72518322B6269E00F4EBBF /* MessagesNavBar.swift */; };
		4E77BED722955E5800FD770B /* RegistrationViewModel.swift in Sources */ = {isa = PBXBuildFile; fileRef = 4E77BED622955E5800FD770B /* RegistrationViewModel.swift */; };
		4E7ACB2522952FFD00A8D148 /* RegisterVC.swift in Sources */ = {isa = PBXBuildFile; fileRef = 4E7ACB2422952FFD00A8D148 /* RegisterVC.swift */; };
		4E7ACB28229536B500A8D148 /* CustomTextField.swift in Sources */ = {isa = PBXBuildFile; fileRef = 4E7ACB27229536B500A8D148 /* CustomTextField.swift */; };
		4E7D5780229BE29200BA0FB2 /* SwipingPhotoVC.swift in Sources */ = {isa = PBXBuildFile; fileRef = 4E7D577F229BE29200BA0FB2 /* SwipingPhotoVC.swift */; };
		4E7DD81922941E7500D6DEF0 /* Advertiser.swift in Sources */ = {isa = PBXBuildFile; fileRef = 4E7DD81822941E7500D6DEF0 /* Advertiser.swift */; };
		4E7F58B722B7A34E00AFB535 /* RecentMessageModel.swift in Sources */ = {isa = PBXBuildFile; fileRef = 4E7F58B622B7A34E00AFB535 /* RecentMessageModel.swift */; };
		4E7FB5EC2299218C00DE7929 /* SettingAageRangeCell.swift in Sources */ = {isa = PBXBuildFile; fileRef = 4E7FB5EB2299218C00DE7929 /* SettingAageRangeCell.swift */; };
		4E7FB5EF229921B800DE7929 /* BaseCell.swift in Sources */ = {isa = PBXBuildFile; fileRef = 4E7FB5EE229921B800DE7929 /* BaseCell.swift */; };
		4E82203622B6669E0082176C /* CustominputAccessoryView.swift in Sources */ = {isa = PBXBuildFile; fileRef = 4E82203522B6669E0082176C /* CustominputAccessoryView.swift */; };
		4E8A1A3F22940A22006FFC45 /* UserModel.swift in Sources */ = {isa = PBXBuildFile; fileRef = 4E8A1A3E22940A22006FFC45 /* UserModel.swift */; };
		4E8A1A4222941257006FFC45 /* CardViewModel.swift in Sources */ = {isa = PBXBuildFile; fileRef = 4E8A1A4122941257006FFC45 /* CardViewModel.swift */; };
		4E947E5322B4EAFE0080A9AC /* MatchesModel.swift in Sources */ = {isa = PBXBuildFile; fileRef = 4E947E5222B4EAFE0080A9AC /* MatchesModel.swift */; };
		4EA086AD2293DD1700DE5EE5 /* AppDelegate.swift in Sources */ = {isa = PBXBuildFile; fileRef = 4EA086AC2293DD1700DE5EE5 /* AppDelegate.swift */; };
		4EA086AF2293DD1700DE5EE5 /* HomeVC.swift in Sources */ = {isa = PBXBuildFile; fileRef = 4EA086AE2293DD1700DE5EE5 /* HomeVC.swift */; };
		4EA086B22293DD1700DE5EE5 /* Main.storyboard in Resources */ = {isa = PBXBuildFile; fileRef = 4EA086B02293DD1700DE5EE5 /* Main.storyboard */; };
		4EA086B42293DD1800DE5EE5 /* Assets.xcassets in Resources */ = {isa = PBXBuildFile; fileRef = 4EA086B32293DD1800DE5EE5 /* Assets.xcassets */; };
		4EA086B72293DD1900DE5EE5 /* LaunchScreen.storyboard in Resources */ = {isa = PBXBuildFile; fileRef = 4EA086B52293DD1900DE5EE5 /* LaunchScreen.storyboard */; };
		4EA086C52293E12300DE5EE5 /* HomeBottomControlsStackView.swift in Sources */ = {isa = PBXBuildFile; fileRef = 4EA086C42293E12300DE5EE5 /* HomeBottomControlsStackView.swift */; };
		4EA086C72293E39300DE5EE5 /* topNavigationStackView.swift in Sources */ = {isa = PBXBuildFile; fileRef = 4EA086C62293E39300DE5EE5 /* topNavigationStackView.swift */; };
		4EA086C92293E97C00DE5EE5 /* CardView.swift in Sources */ = {isa = PBXBuildFile; fileRef = 4EA086C82293E97C00DE5EE5 /* CardView.swift */; };
		4EAB0FE322B4C2C600A3E2C3 /* MtachHeaderMessagesVC.swift in Sources */ = {isa = PBXBuildFile; fileRef = 4EAB0FE222B4C2C600A3E2C3 /* MtachHeaderMessagesVC.swift */; };
		4EAFF7CE229D15A200C8E099 /* PhotoVC.swift in Sources */ = {isa = PBXBuildFile; fileRef = 4EAFF7CD229D15A200C8E099 /* PhotoVC.swift */; };
		4EB37C2422B77F93007EC672 /* HorizentalMatchMessageVC.swift in Sources */ = {isa = PBXBuildFile; fileRef = 4EB37C2322B77F93007EC672 /* HorizentalMatchMessageVC.swift */; };
		4EB37C2722B77FEA007EC672 /* MatchHeaderCell.swift in Sources */ = {isa = PBXBuildFile; fileRef = 4EB37C2622B77FEA007EC672 /* MatchHeaderCell.swift */; };
		4EB37C2922B780AB007EC672 /* RecentMessageCell.swift in Sources */ = {isa = PBXBuildFile; fileRef = 4EB37C2822B780AB007EC672 /* RecentMessageCell.swift */; };
		4EC15D4322B5337000212270 /* MatchCell.swift in Sources */ = {isa = PBXBuildFile; fileRef = 4EC15D4222B5337000212270 /* MatchCell.swift */; };
		5986718AD755CAF573B8DA21 /* Pods_Tinder_Firestore.framework in Frameworks */ = {isa = PBXBuildFile; fileRef = 89D830909AABC8CC613BE337 /* Pods_Tinder_Firestore.framework */; };
/* End PBXBuildFile section */

/* Begin PBXFileReference section */
		010AE4DA0874909B2FEFB17F /* Pods-Tinder Firestore.release.xcconfig */ = {isa = PBXFileReference; includeInIndex = 1; lastKnownFileType = text.xcconfig; name = "Pods-Tinder Firestore.release.xcconfig"; path = "Target Support Files/Pods-Tinder Firestore/Pods-Tinder Firestore.release.xcconfig"; sourceTree = "<group>"; };
		0CAEBB04C8F985485DFC3B5B /* Pods-Tinder Firestore.debug.xcconfig */ = {isa = PBXFileReference; includeInIndex = 1; lastKnownFileType = text.xcconfig; name = "Pods-Tinder Firestore.debug.xcconfig"; path = "Target Support Files/Pods-Tinder Firestore/Pods-Tinder Firestore.debug.xcconfig"; sourceTree = "<group>"; };
		4E07FCA922B4D21300FBFC00 /* MatchesNavBar.swift */ = {isa = PBXFileReference; lastKnownFileType = sourcecode.swift; path = MatchesNavBar.swift; sourceTree = "<group>"; };
		4E123EEA229BC5370003AF66 /* UserDdetailVC.swift */ = {isa = PBXFileReference; lastKnownFileType = sourcecode.swift; path = UserDdetailVC.swift; sourceTree = "<group>"; };
		4E21CE8B22B63AAD00D70453 /* MessageModel.swift */ = {isa = PBXFileReference; lastKnownFileType = sourcecode.swift; path = MessageModel.swift; sourceTree = "<group>"; };
		4E4FA03D2296BA8000F7EBC8 /* CustomHeaderLabel.swift */ = {isa = PBXFileReference; lastKnownFileType = sourcecode.swift; path = CustomHeaderLabel.swift; sourceTree = "<group>"; };
		4E4FA03F2296BC2600F7EBC8 /* SettingCell.swift */ = {isa = PBXFileReference; lastKnownFileType = sourcecode.swift; path = SettingCell.swift; sourceTree = "<group>"; };
		4E6230B0229EA263002184DF /* MatchView.swift */ = {isa = PBXFileReference; lastKnownFileType = sourcecode.swift; path = MatchView.swift; sourceTree = "<group>"; };
		4E62F27022993DA300309753 /* LoginVC.swift */ = {isa = PBXFileReference; lastKnownFileType = sourcecode.swift; path = LoginVC.swift; sourceTree = "<group>"; };
		4E67556E229EADA800913B21 /* KeepSwipingButton.swift */ = {isa = PBXFileReference; lastKnownFileType = sourcecode.swift; path = KeepSwipingButton.swift; sourceTree = "<group>"; };
		4E675570229EAE0800913B21 /* SendMessageButton.swift */ = {isa = PBXFileReference; lastKnownFileType = sourcecode.swift; path = SendMessageButton.swift; sourceTree = "<group>"; };
		4E6A76B8229691AF00BFDDE9 /* SettingVC.swift */ = {isa = PBXFileReference; lastKnownFileType = sourcecode.swift; path = SettingVC.swift; sourceTree = "<group>"; };
		4E6A76BA2296978F00BFDDE9 /* CustomImagePickerController.swift */ = {isa = PBXFileReference; lastKnownFileType = sourcecode.swift; path = CustomImagePickerController.swift; sourceTree = "<group>"; };
		4E6BB3E122994DBB0099B030 /* LoginViewModel.swift */ = {isa = PBXFileReference; lastKnownFileType = sourcecode.swift; path = LoginViewModel.swift; sourceTree = "<group>"; };
		4E7067F3229591E400F70242 /* GoogleService-Info.plist */ = {isa = PBXFileReference; fileEncoding = 4; lastKnownFileType = text.plist.xml; path = "GoogleService-Info.plist"; sourceTree = "<group>"; };
		4E7067F52295998200F70242 /* Bindable.swift */ = {isa = PBXFileReference; lastKnownFileType = sourcecode.swift; path = Bindable.swift; sourceTree = "<group>"; };
		4E72517F22B6259E00F4EBBF /* ChatLogMessageVC.swift */ = {isa = PBXFileReference; lastKnownFileType = sourcecode.swift; path = ChatLogMessageVC.swift; sourceTree = "<group>"; };
		4E72518122B625E200F4EBBF /* ChatMessageCell.swift */ = {isa = PBXFileReference; lastKnownFileType = sourcecode.swift; path = ChatMessageCell.swift; sourceTree = "<group>"; };
		4E72518322B6269E00F4EBBF /* MessagesNavBar.swift */ = {isa = PBXFileReference; lastKnownFileType = sourcecode.swift; path = MessagesNavBar.swift; sourceTree = "<group>"; };
		4E77BED622955E5800FD770B /* RegistrationViewModel.swift */ = {isa = PBXFileReference; lastKnownFileType = sourcecode.swift; path = RegistrationViewModel.swift; sourceTree = "<group>"; };
		4E7ACB2422952FFD00A8D148 /* RegisterVC.swift */ = {isa = PBXFileReference; lastKnownFileType = sourcecode.swift; path = RegisterVC.swift; sourceTree = "<group>"; };
		4E7ACB27229536B500A8D148 /* CustomTextField.swift */ = {isa = PBXFileReference; lastKnownFileType = sourcecode.swift; path = CustomTextField.swift; sourceTree = "<group>"; };
		4E7D577F229BE29200BA0FB2 /* SwipingPhotoVC.swift */ = {isa = PBXFileReference; lastKnownFileType = sourcecode.swift; path = SwipingPhotoVC.swift; sourceTree = "<group>"; };
		4E7DD81822941E7500D6DEF0 /* Advertiser.swift */ = {isa = PBXFileReference; lastKnownFileType = sourcecode.swift; path = Advertiser.swift; sourceTree = "<group>"; };
		4E7F58B622B7A34E00AFB535 /* RecentMessageModel.swift */ = {isa = PBXFileReference; lastKnownFileType = sourcecode.swift; path = RecentMessageModel.swift; sourceTree = "<group>"; };
		4E7FB5EB2299218C00DE7929 /* SettingAageRangeCell.swift */ = {isa = PBXFileReference; lastKnownFileType = sourcecode.swift; path = SettingAageRangeCell.swift; sourceTree = "<group>"; };
		4E7FB5EE229921B800DE7929 /* BaseCell.swift */ = {isa = PBXFileReference; lastKnownFileType = sourcecode.swift; path = BaseCell.swift; sourceTree = "<group>"; };
		4E82203522B6669E0082176C /* CustominputAccessoryView.swift */ = {isa = PBXFileReference; lastKnownFileType = sourcecode.swift; path = CustominputAccessoryView.swift; sourceTree = "<group>"; };
		4E8A1A3E22940A22006FFC45 /* UserModel.swift */ = {isa = PBXFileReference; lastKnownFileType = sourcecode.swift; path = UserModel.swift; sourceTree = "<group>"; };
		4E8A1A4122941257006FFC45 /* CardViewModel.swift */ = {isa = PBXFileReference; lastKnownFileType = sourcecode.swift; path = CardViewModel.swift; sourceTree = "<group>"; };
		4E947E5222B4EAFE0080A9AC /* MatchesModel.swift */ = {isa = PBXFileReference; lastKnownFileType = sourcecode.swift; path = MatchesModel.swift; sourceTree = "<group>"; };
		4EA086A92293DD1700DE5EE5 /* Tinder Firestore.app */ = {isa = PBXFileReference; explicitFileType = wrapper.application; includeInIndex = 0; path = "Tinder Firestore.app"; sourceTree = BUILT_PRODUCTS_DIR; };
		4EA086AC2293DD1700DE5EE5 /* AppDelegate.swift */ = {isa = PBXFileReference; lastKnownFileType = sourcecode.swift; path = AppDelegate.swift; sourceTree = "<group>"; };
		4EA086AE2293DD1700DE5EE5 /* HomeVC.swift */ = {isa = PBXFileReference; lastKnownFileType = sourcecode.swift; path = HomeVC.swift; sourceTree = "<group>"; };
		4EA086B12293DD1700DE5EE5 /* Base */ = {isa = PBXFileReference; lastKnownFileType = file.storyboard; name = Base; path = Base.lproj/Main.storyboard; sourceTree = "<group>"; };
		4EA086B32293DD1800DE5EE5 /* Assets.xcassets */ = {isa = PBXFileReference; lastKnownFileType = folder.assetcatalog; path = Assets.xcassets; sourceTree = "<group>"; };
		4EA086B62293DD1900DE5EE5 /* Base */ = {isa = PBXFileReference; lastKnownFileType = file.storyboard; name = Base; path = Base.lproj/LaunchScreen.storyboard; sourceTree = "<group>"; };
		4EA086B82293DD1900DE5EE5 /* Info.plist */ = {isa = PBXFileReference; lastKnownFileType = text.plist.xml; path = Info.plist; sourceTree = "<group>"; };
		4EA086C42293E12300DE5EE5 /* HomeBottomControlsStackView.swift */ = {isa = PBXFileReference; lastKnownFileType = sourcecode.swift; path = HomeBottomControlsStackView.swift; sourceTree = "<group>"; };
		4EA086C62293E39300DE5EE5 /* topNavigationStackView.swift */ = {isa = PBXFileReference; lastKnownFileType = sourcecode.swift; path = topNavigationStackView.swift; sourceTree = "<group>"; };
		4EA086C82293E97C00DE5EE5 /* CardView.swift */ = {isa = PBXFileReference; lastKnownFileType = sourcecode.swift; path = CardView.swift; sourceTree = "<group>"; };
		4EAB0FE222B4C2C600A3E2C3 /* MtachHeaderMessagesVC.swift */ = {isa = PBXFileReference; lastKnownFileType = sourcecode.swift; path = MtachHeaderMessagesVC.swift; sourceTree = "<group>"; };
		4EAFF7CD229D15A200C8E099 /* PhotoVC.swift */ = {isa = PBXFileReference; lastKnownFileType = sourcecode.swift; path = PhotoVC.swift; sourceTree = "<group>"; };
		4EB37C2322B77F93007EC672 /* HorizentalMatchMessageVC.swift */ = {isa = PBXFileReference; lastKnownFileType = sourcecode.swift; path = HorizentalMatchMessageVC.swift; sourceTree = "<group>"; };
		4EB37C2622B77FEA007EC672 /* MatchHeaderCell.swift */ = {isa = PBXFileReference; lastKnownFileType = sourcecode.swift; path = MatchHeaderCell.swift; sourceTree = "<group>"; };
		4EB37C2822B780AB007EC672 /* RecentMessageCell.swift */ = {isa = PBXFileReference; lastKnownFileType = sourcecode.swift; path = RecentMessageCell.swift; sourceTree = "<group>"; };
		4EC15D4222B5337000212270 /* MatchCell.swift */ = {isa = PBXFileReference; lastKnownFileType = sourcecode.swift; path = MatchCell.swift; sourceTree = "<group>"; };
		89D830909AABC8CC613BE337 /* Pods_Tinder_Firestore.framework */ = {isa = PBXFileReference; explicitFileType = wrapper.framework; includeInIndex = 0; path = Pods_Tinder_Firestore.framework; sourceTree = BUILT_PRODUCTS_DIR; };
/* End PBXFileReference section */

/* Begin PBXFrameworksBuildPhase section */
		4EA086A62293DD1700DE5EE5 /* Frameworks */ = {
			isa = PBXFrameworksBuildPhase;
			buildActionMask = 2147483647;
			files = (
				5986718AD755CAF573B8DA21 /* Pods_Tinder_Firestore.framework in Frameworks */,
			);
			runOnlyForDeploymentPostprocessing = 0;
		};
/* End PBXFrameworksBuildPhase section */

/* Begin PBXGroup section */
		3ADEDD95C42AA7B234D3A471 /* Pods */ = {
			isa = PBXGroup;
			children = (
				0CAEBB04C8F985485DFC3B5B /* Pods-Tinder Firestore.debug.xcconfig */,
				010AE4DA0874909B2FEFB17F /* Pods-Tinder Firestore.release.xcconfig */,
			);
			path = Pods;
			sourceTree = "<group>";
		};
		49DB3A78C8A5E69220E72313 /* Frameworks */ = {
			isa = PBXGroup;
			children = (
				89D830909AABC8CC613BE337 /* Pods_Tinder_Firestore.framework */,
			);
			name = Frameworks;
			sourceTree = "<group>";
		};
		4E123EE9229BC5220003AF66 /* User Detail */ = {
			isa = PBXGroup;
			children = (
				4E123EEA229BC5370003AF66 /* UserDdetailVC.swift */,
				4E7D577F229BE29200BA0FB2 /* SwipingPhotoVC.swift */,
				4EAFF7CD229D15A200C8E099 /* PhotoVC.swift */,
			);
			path = "User Detail";
			sourceTree = "<group>";
		};
		4E62F27222993DCD00309753 /* Registration */ = {
			isa = PBXGroup;
			children = (
				4E7ACB2422952FFD00A8D148 /* RegisterVC.swift */,
				4E62F27022993DA300309753 /* LoginVC.swift */,
			);
			path = Registration;
			sourceTree = "<group>";
		};
		4E65E99A22942D2B0001AED3 /* Extensions */ = {
			isa = PBXGroup;
			children = (
			);
			path = Extensions;
			sourceTree = "<group>";
		};
		4E7ACB26229536AB00A8D148 /* Custom */ = {
			isa = PBXGroup;
			children = (
				4E7ACB27229536B500A8D148 /* CustomTextField.swift */,
				4E6A76BA2296978F00BFDDE9 /* CustomImagePickerController.swift */,
				4E4FA03D2296BA8000F7EBC8 /* CustomHeaderLabel.swift */,
				4E67556E229EADA800913B21 /* KeepSwipingButton.swift */,
				4E675570229EAE0800913B21 /* SendMessageButton.swift */,
				4E07FCA922B4D21300FBFC00 /* MatchesNavBar.swift */,
				4E72518322B6269E00F4EBBF /* MessagesNavBar.swift */,
				4E82203522B6669E0082176C /* CustominputAccessoryView.swift */,
			);
			path = Custom;
			sourceTree = "<group>";
		};
		4E7FB5ED2299219700DE7929 /* Setting */ = {
			isa = PBXGroup;
			children = (
				4E4FA03F2296BC2600F7EBC8 /* SettingCell.swift */,
				4E7FB5EB2299218C00DE7929 /* SettingAageRangeCell.swift */,
			);
			path = Setting;
			sourceTree = "<group>";
		};
		4E8A1A402294123F006FFC45 /* viewModel */ = {
			isa = PBXGroup;
			children = (
				4E8A1A4122941257006FFC45 /* CardViewModel.swift */,
				4E77BED622955E5800FD770B /* RegistrationViewModel.swift */,
				4E6BB3E122994DBB0099B030 /* LoginViewModel.swift */,
			);
			path = viewModel;
			sourceTree = "<group>";
		};
		4EA086A02293DD1700DE5EE5 = {
			isa = PBXGroup;
			children = (
				4EA086AB2293DD1700DE5EE5 /* Tinder Firestore */,
				4EA086AA2293DD1700DE5EE5 /* Products */,
				3ADEDD95C42AA7B234D3A471 /* Pods */,
				49DB3A78C8A5E69220E72313 /* Frameworks */,
			);
			sourceTree = "<group>";
		};
		4EA086AA2293DD1700DE5EE5 /* Products */ = {
			isa = PBXGroup;
			children = (
				4EA086A92293DD1700DE5EE5 /* Tinder Firestore.app */,
			);
			name = Products;
			sourceTree = "<group>";
		};
		4EA086AB2293DD1700DE5EE5 /* Tinder Firestore */ = {
			isa = PBXGroup;
			children = (
				4EA086AC2293DD1700DE5EE5 /* AppDelegate.swift */,
				4E8A1A402294123F006FFC45 /* viewModel */,
				4EA086C02293DD2E00DE5EE5 /* model */,
				4EA086C32293E0F400DE5EE5 /* views */,
				4EA086BE2293DD1E00DE5EE5 /* controller */,
				4EA086B02293DD1700DE5EE5 /* Main.storyboard */,
				4EA086B32293DD1800DE5EE5 /* Assets.xcassets */,
				4EA086B52293DD1900DE5EE5 /* LaunchScreen.storyboard */,
				4EA086B82293DD1900DE5EE5 /* Info.plist */,
				4E7067F3229591E400F70242 /* GoogleService-Info.plist */,
				4E65E99A22942D2B0001AED3 /* Extensions */,
			);
			path = "Tinder Firestore";
			sourceTree = "<group>";
		};
		4EA086BE2293DD1E00DE5EE5 /* controller */ = {
			isa = PBXGroup;
			children = (
				4EAB0FE122B4C2A800A3E2C3 /* Matches Messages */,
				4EA086AE2293DD1700DE5EE5 /* HomeVC.swift */,
				4E123EE9229BC5220003AF66 /* User Detail */,
				4E62F27222993DCD00309753 /* Registration */,
				4E7067F52295998200F70242 /* Bindable.swift */,
				4E6A76B8229691AF00BFDDE9 /* SettingVC.swift */,
			);
			path = controller;
			sourceTree = "<group>";
		};
		4EA086C02293DD2E00DE5EE5 /* model */ = {
			isa = PBXGroup;
			children = (
				4E8A1A3E22940A22006FFC45 /* UserModel.swift */,
				4E7DD81822941E7500D6DEF0 /* Advertiser.swift */,
				4E947E5222B4EAFE0080A9AC /* MatchesModel.swift */,
				4E21CE8B22B63AAD00D70453 /* MessageModel.swift */,
				4E7F58B622B7A34E00AFB535 /* RecentMessageModel.swift */,
			);
			path = model;
			sourceTree = "<group>";
		};
		4EA086C32293E0F400DE5EE5 /* views */ = {
			isa = PBXGroup;
			children = (
				4EC15D4122B5335400212270 /* Matches Messages Cells */,
				4E7FB5EE229921B800DE7929 /* BaseCell.swift */,
				4E7FB5ED2299219700DE7929 /* Setting */,
				4EA086C42293E12300DE5EE5 /* HomeBottomControlsStackView.swift */,
				4EA086C62293E39300DE5EE5 /* topNavigationStackView.swift */,
				4EA086C82293E97C00DE5EE5 /* CardView.swift */,
				4E7ACB26229536AB00A8D148 /* Custom */,
				4E6230B0229EA263002184DF /* MatchView.swift */,
			);
			path = views;
			sourceTree = "<group>";
		};
		4EAB0FE122B4C2A800A3E2C3 /* Matches Messages */ = {
			isa = PBXGroup;
			children = (
				4EB37C2222B77F4B007EC672 /* Matches Header */,
				4E72517F22B6259E00F4EBBF /* ChatLogMessageVC.swift */,
			);
			path = "Matches Messages";
			sourceTree = "<group>";
		};
		4EB37C2222B77F4B007EC672 /* Matches Header */ = {
			isa = PBXGroup;
			children = (
				4EAB0FE222B4C2C600A3E2C3 /* MtachHeaderMessagesVC.swift */,
				4EB37C2322B77F93007EC672 /* HorizentalMatchMessageVC.swift */,
			);
			path = "Matches Header";
			sourceTree = "<group>";
		};
		4EB37C2522B77FD5007EC672 /* Matches Header Cell */ = {
			isa = PBXGroup;
			children = (
				4EB37C2622B77FEA007EC672 /* MatchHeaderCell.swift */,
			);
			path = "Matches Header Cell";
			sourceTree = "<group>";
		};
		4EC15D4122B5335400212270 /* Matches Messages Cells */ = {
			isa = PBXGroup;
			children = (
				4EB37C2522B77FD5007EC672 /* Matches Header Cell */,
				4EC15D4222B5337000212270 /* MatchCell.swift */,
				4E72518122B625E200F4EBBF /* ChatMessageCell.swift */,
				4EB37C2822B780AB007EC672 /* RecentMessageCell.swift */,
			);
			path = "Matches Messages Cells";
			sourceTree = "<group>";
		};
/* End PBXGroup section */

/* Begin PBXNativeTarget section */
		4EA086A82293DD1700DE5EE5 /* Tinder Firestore */ = {
			isa = PBXNativeTarget;
			buildConfigurationList = 4EA086BB2293DD1900DE5EE5 /* Build configuration list for PBXNativeTarget "Tinder Firestore" */;
			buildPhases = (
				875BB81F286F11DDF012A8B8 /* [CP] Check Pods Manifest.lock */,
				4EA086A52293DD1700DE5EE5 /* Sources */,
				4EA086A62293DD1700DE5EE5 /* Frameworks */,
				4EA086A72293DD1700DE5EE5 /* Resources */,
				892E2C81D9BD2166500D4AB9 /* [CP] Embed Pods Frameworks */,
			);
			buildRules = (
			);
			dependencies = (
			);
			name = "Tinder Firestore";
			productName = "Tinder Firestore";
			productReference = 4EA086A92293DD1700DE5EE5 /* Tinder Firestore.app */;
			productType = "com.apple.product-type.application";
		};
/* End PBXNativeTarget section */

/* Begin PBXProject section */
		4EA086A12293DD1700DE5EE5 /* Project object */ = {
			isa = PBXProject;
			attributes = {
				LastSwiftUpdateCheck = 1000;
				LastUpgradeCheck = 1000;
				ORGANIZATIONNAME = hosam;
				TargetAttributes = {
					4EA086A82293DD1700DE5EE5 = {
						CreatedOnToolsVersion = 10.0;
					};
				};
			};
			buildConfigurationList = 4EA086A42293DD1700DE5EE5 /* Build configuration list for PBXProject "Tinder Firestore" */;
			compatibilityVersion = "Xcode 9.3";
			developmentRegion = en;
			hasScannedForEncodings = 0;
			knownRegions = (
				en,
				Base,
			);
			mainGroup = 4EA086A02293DD1700DE5EE5;
			productRefGroup = 4EA086AA2293DD1700DE5EE5 /* Products */;
			projectDirPath = "";
			projectRoot = "";
			targets = (
				4EA086A82293DD1700DE5EE5 /* Tinder Firestore */,
			);
		};
/* End PBXProject section */

/* Begin PBXResourcesBuildPhase section */
		4EA086A72293DD1700DE5EE5 /* Resources */ = {
			isa = PBXResourcesBuildPhase;
			buildActionMask = 2147483647;
			files = (
				4EA086B72293DD1900DE5EE5 /* LaunchScreen.storyboard in Resources */,
				4E7067F4229591E400F70242 /* GoogleService-Info.plist in Resources */,
				4EA086B42293DD1800DE5EE5 /* Assets.xcassets in Resources */,
				4EA086B22293DD1700DE5EE5 /* Main.storyboard in Resources */,
			);
			runOnlyForDeploymentPostprocessing = 0;
		};
/* End PBXResourcesBuildPhase section */

/* Begin PBXShellScriptBuildPhase section */
		875BB81F286F11DDF012A8B8 /* [CP] Check Pods Manifest.lock */ = {
			isa = PBXShellScriptBuildPhase;
			buildActionMask = 2147483647;
			files = (
			);
			inputFileListPaths = (
			);
			inputPaths = (
				"${PODS_PODFILE_DIR_PATH}/Podfile.lock",
				"${PODS_ROOT}/Manifest.lock",
			);
			name = "[CP] Check Pods Manifest.lock";
			outputFileListPaths = (
			);
			outputPaths = (
				"$(DERIVED_FILE_DIR)/Pods-Tinder Firestore-checkManifestLockResult.txt",
			);
			runOnlyForDeploymentPostprocessing = 0;
			shellPath = /bin/sh;
			shellScript = "diff \"${PODS_PODFILE_DIR_PATH}/Podfile.lock\" \"${PODS_ROOT}/Manifest.lock\" > /dev/null\nif [ $? != 0 ] ; then\n    # print error to STDERR\n    echo \"error: The sandbox is not in sync with the Podfile.lock. Run 'pod install' or update your CocoaPods installation.\" >&2\n    exit 1\nfi\n# This output is used by Xcode 'outputs' to avoid re-running this script phase.\necho \"SUCCESS\" > \"${SCRIPT_OUTPUT_FILE_0}\"\n";
			showEnvVarsInLog = 0;
		};
		892E2C81D9BD2166500D4AB9 /* [CP] Embed Pods Frameworks */ = {
			isa = PBXShellScriptBuildPhase;
			buildActionMask = 2147483647;
			files = (
			);
			inputFileListPaths = (
				"${PODS_ROOT}/Target Support Files/Pods-Tinder Firestore/Pods-Tinder Firestore-frameworks-${CONFIGURATION}-input-files.xcfilelist",
			);
			name = "[CP] Embed Pods Frameworks";
			outputFileListPaths = (
				"${PODS_ROOT}/Target Support Files/Pods-Tinder Firestore/Pods-Tinder Firestore-frameworks-${CONFIGURATION}-output-files.xcfilelist",
			);
			runOnlyForDeploymentPostprocessing = 0;
			shellPath = /bin/sh;
			shellScript = "\"${PODS_ROOT}/Target Support Files/Pods-Tinder Firestore/Pods-Tinder Firestore-frameworks.sh\"\n";
			showEnvVarsInLog = 0;
		};
/* End PBXShellScriptBuildPhase section */

/* Begin PBXSourcesBuildPhase section */
		4EA086A52293DD1700DE5EE5 /* Sources */ = {
			isa = PBXSourcesBuildPhase;
			buildActionMask = 2147483647;
			files = (
				4EB37C2922B780AB007EC672 /* RecentMessageCell.swift in Sources */,
				4E7FB5EF229921B800DE7929 /* BaseCell.swift in Sources */,
				4E4FA0402296BC2600F7EBC8 /* SettingCell.swift in Sources */,
				4E72518022B6259E00F4EBBF /* ChatLogMessageVC.swift in Sources */,
				4E7067F62295998200F70242 /* Bindable.swift in Sources */,
				4E6A76B9229691AF00BFDDE9 /* SettingVC.swift in Sources */,
				4E947E5322B4EAFE0080A9AC /* MatchesModel.swift in Sources */,
				4EA086AF2293DD1700DE5EE5 /* HomeVC.swift in Sources */,
				4E77BED722955E5800FD770B /* RegistrationViewModel.swift in Sources */,
				4E6230B1229EA263002184DF /* MatchView.swift in Sources */,
				4E7ACB28229536B500A8D148 /* CustomTextField.swift in Sources */,
				4E7FB5EC2299218C00DE7929 /* SettingAageRangeCell.swift in Sources */,
				4E675571229EAE0800913B21 /* SendMessageButton.swift in Sources */,
				4E4FA03E2296BA8000F7EBC8 /* CustomHeaderLabel.swift in Sources */,
				4E8A1A3F22940A22006FFC45 /* UserModel.swift in Sources */,
				4E7DD81922941E7500D6DEF0 /* Advertiser.swift in Sources */,
				4EAFF7CE229D15A200C8E099 /* PhotoVC.swift in Sources */,
				4EB37C2722B77FEA007EC672 /* MatchHeaderCell.swift in Sources */,
				4EC15D4322B5337000212270 /* MatchCell.swift in Sources */,
				4E72518422B6269E00F4EBBF /* MessagesNavBar.swift in Sources */,
				4E82203622B6669E0082176C /* CustominputAccessoryView.swift in Sources */,
				4EA086C52293E12300DE5EE5 /* HomeBottomControlsStackView.swift in Sources */,
				4EA086C72293E39300DE5EE5 /* topNavigationStackView.swift in Sources */,
				4E123EEB229BC5370003AF66 /* UserDdetailVC.swift in Sources */,
				4E07FCAA22B4D21300FBFC00 /* MatchesNavBar.swift in Sources */,
				4E72518222B625E200F4EBBF /* ChatMessageCell.swift in Sources */,
				4E8A1A4222941257006FFC45 /* CardViewModel.swift in Sources */,
				4E62F27122993DA300309753 /* LoginVC.swift in Sources */,
				4EA086AD2293DD1700DE5EE5 /* AppDelegate.swift in Sources */,
				4EA086C92293E97C00DE5EE5 /* CardView.swift in Sources */,
				4E7F58B722B7A34E00AFB535 /* RecentMessageModel.swift in Sources */,
				4E21CE8C22B63AAD00D70453 /* MessageModel.swift in Sources */,
				4E6A76BB2296978F00BFDDE9 /* CustomImagePickerController.swift in Sources */,
				4EAB0FE322B4C2C600A3E2C3 /* MtachHeaderMessagesVC.swift in Sources */,
				4E7D5780229BE29200BA0FB2 /* SwipingPhotoVC.swift in Sources */,
				4EB37C2422B77F93007EC672 /* HorizentalMatchMessageVC.swift in Sources */,
				4E67556F229EADA800913B21 /* KeepSwipingButton.swift in Sources */,
				4E7ACB2522952FFD00A8D148 /* RegisterVC.swift in Sources */,
				4E6BB3E222994DBB0099B030 /* LoginViewModel.swift in Sources */,
			);
			runOnlyForDeploymentPostprocessing = 0;
		};
/* End PBXSourcesBuildPhase section */

/* Begin PBXVariantGroup section */
		4EA086B02293DD1700DE5EE5 /* Main.storyboard */ = {
			isa = PBXVariantGroup;
			children = (
				4EA086B12293DD1700DE5EE5 /* Base */,
			);
			name = Main.storyboard;
			sourceTree = "<group>";
		};
		4EA086B52293DD1900DE5EE5 /* LaunchScreen.storyboard */ = {
			isa = PBXVariantGroup;
			children = (
				4EA086B62293DD1900DE5EE5 /* Base */,
			);
			name = LaunchScreen.storyboard;
			sourceTree = "<group>";
		};
/* End PBXVariantGroup section */

/* Begin XCBuildConfiguration section */
		4EA086B92293DD1900DE5EE5 /* Debug */ = {
			isa = XCBuildConfiguration;
			buildSettings = {
				ALWAYS_SEARCH_USER_PATHS = NO;
				CLANG_ANALYZER_NONNULL = YES;
				CLANG_ANALYZER_NUMBER_OBJECT_CONVERSION = YES_AGGRESSIVE;
				CLANG_CXX_LANGUAGE_STANDARD = "gnu++14";
				CLANG_CXX_LIBRARY = "libc++";
				CLANG_ENABLE_MODULES = YES;
				CLANG_ENABLE_OBJC_ARC = YES;
				CLANG_ENABLE_OBJC_WEAK = YES;
				CLANG_WARN_BLOCK_CAPTURE_AUTORELEASING = YES;
				CLANG_WARN_BOOL_CONVERSION = YES;
				CLANG_WARN_COMMA = YES;
				CLANG_WARN_CONSTANT_CONVERSION = YES;
				CLANG_WARN_DEPRECATED_OBJC_IMPLEMENTATIONS = YES;
				CLANG_WARN_DIRECT_OBJC_ISA_USAGE = YES_ERROR;
				CLANG_WARN_DOCUMENTATION_COMMENTS = YES;
				CLANG_WARN_EMPTY_BODY = YES;
				CLANG_WARN_ENUM_CONVERSION = YES;
				CLANG_WARN_INFINITE_RECURSION = YES;
				CLANG_WARN_INT_CONVERSION = YES;
				CLANG_WARN_NON_LITERAL_NULL_CONVERSION = YES;
				CLANG_WARN_OBJC_IMPLICIT_RETAIN_SELF = YES;
				CLANG_WARN_OBJC_LITERAL_CONVERSION = YES;
				CLANG_WARN_OBJC_ROOT_CLASS = YES_ERROR;
				CLANG_WARN_RANGE_LOOP_ANALYSIS = YES;
				CLANG_WARN_STRICT_PROTOTYPES = YES;
				CLANG_WARN_SUSPICIOUS_MOVE = YES;
				CLANG_WARN_UNGUARDED_AVAILABILITY = YES_AGGRESSIVE;
				CLANG_WARN_UNREACHABLE_CODE = YES;
				CLANG_WARN__DUPLICATE_METHOD_MATCH = YES;
				CODE_SIGN_IDENTITY = "iPhone Developer";
				COPY_PHASE_STRIP = NO;
				DEBUG_INFORMATION_FORMAT = dwarf;
				ENABLE_STRICT_OBJC_MSGSEND = YES;
				ENABLE_TESTABILITY = YES;
				GCC_C_LANGUAGE_STANDARD = gnu11;
				GCC_DYNAMIC_NO_PIC = NO;
				GCC_NO_COMMON_BLOCKS = YES;
				GCC_OPTIMIZATION_LEVEL = 0;
				GCC_PREPROCESSOR_DEFINITIONS = (
					"DEBUG=1",
					"$(inherited)",
				);
				GCC_WARN_64_TO_32_BIT_CONVERSION = YES;
				GCC_WARN_ABOUT_RETURN_TYPE = YES_ERROR;
				GCC_WARN_UNDECLARED_SELECTOR = YES;
				GCC_WARN_UNINITIALIZED_AUTOS = YES_AGGRESSIVE;
				GCC_WARN_UNUSED_FUNCTION = YES;
				GCC_WARN_UNUSED_VARIABLE = YES;
				IPHONEOS_DEPLOYMENT_TARGET = 12.0;
				MTL_ENABLE_DEBUG_INFO = INCLUDE_SOURCE;
				MTL_FAST_MATH = YES;
				ONLY_ACTIVE_ARCH = YES;
				SDKROOT = iphoneos;
				SWIFT_ACTIVE_COMPILATION_CONDITIONS = DEBUG;
				SWIFT_OPTIMIZATION_LEVEL = "-Onone";
			};
			name = Debug;
		};
		4EA086BA2293DD1900DE5EE5 /* Release */ = {
			isa = XCBuildConfiguration;
			buildSettings = {
				ALWAYS_SEARCH_USER_PATHS = NO;
				CLANG_ANALYZER_NONNULL = YES;
				CLANG_ANALYZER_NUMBER_OBJECT_CONVERSION = YES_AGGRESSIVE;
				CLANG_CXX_LANGUAGE_STANDARD = "gnu++14";
				CLANG_CXX_LIBRARY = "libc++";
				CLANG_ENABLE_MODULES = YES;
				CLANG_ENABLE_OBJC_ARC = YES;
				CLANG_ENABLE_OBJC_WEAK = YES;
				CLANG_WARN_BLOCK_CAPTURE_AUTORELEASING = YES;
				CLANG_WARN_BOOL_CONVERSION = YES;
				CLANG_WARN_COMMA = YES;
				CLANG_WARN_CONSTANT_CONVERSION = YES;
				CLANG_WARN_DEPRECATED_OBJC_IMPLEMENTATIONS = YES;
				CLANG_WARN_DIRECT_OBJC_ISA_USAGE = YES_ERROR;
				CLANG_WARN_DOCUMENTATION_COMMENTS = YES;
				CLANG_WARN_EMPTY_BODY = YES;
				CLANG_WARN_ENUM_CONVERSION = YES;
				CLANG_WARN_INFINITE_RECURSION = YES;
				CLANG_WARN_INT_CONVERSION = YES;
				CLANG_WARN_NON_LITERAL_NULL_CONVERSION = YES;
				CLANG_WARN_OBJC_IMPLICIT_RETAIN_SELF = YES;
				CLANG_WARN_OBJC_LITERAL_CONVERSION = YES;
				CLANG_WARN_OBJC_ROOT_CLASS = YES_ERROR;
				CLANG_WARN_RANGE_LOOP_ANALYSIS = YES;
				CLANG_WARN_STRICT_PROTOTYPES = YES;
				CLANG_WARN_SUSPICIOUS_MOVE = YES;
				CLANG_WARN_UNGUARDED_AVAILABILITY = YES_AGGRESSIVE;
				CLANG_WARN_UNREACHABLE_CODE = YES;
				CLANG_WARN__DUPLICATE_METHOD_MATCH = YES;
				CODE_SIGN_IDENTITY = "iPhone Developer";
				COPY_PHASE_STRIP = NO;
				DEBUG_INFORMATION_FORMAT = "dwarf-with-dsym";
				ENABLE_NS_ASSERTIONS = NO;
				ENABLE_STRICT_OBJC_MSGSEND = YES;
				GCC_C_LANGUAGE_STANDARD = gnu11;
				GCC_NO_COMMON_BLOCKS = YES;
				GCC_WARN_64_TO_32_BIT_CONVERSION = YES;
				GCC_WARN_ABOUT_RETURN_TYPE = YES_ERROR;
				GCC_WARN_UNDECLARED_SELECTOR = YES;
				GCC_WARN_UNINITIALIZED_AUTOS = YES_AGGRESSIVE;
				GCC_WARN_UNUSED_FUNCTION = YES;
				GCC_WARN_UNUSED_VARIABLE = YES;
				IPHONEOS_DEPLOYMENT_TARGET = 12.0;
				MTL_ENABLE_DEBUG_INFO = NO;
				MTL_FAST_MATH = YES;
				SDKROOT = iphoneos;
				SWIFT_COMPILATION_MODE = wholemodule;
				SWIFT_OPTIMIZATION_LEVEL = "-O";
				VALIDATE_PRODUCT = YES;
			};
			name = Release;
		};
		4EA086BC2293DD1900DE5EE5 /* Debug */ = {
			isa = XCBuildConfiguration;
			baseConfigurationReference = 0CAEBB04C8F985485DFC3B5B /* Pods-Tinder Firestore.debug.xcconfig */;
			buildSettings = {
				ASSETCATALOG_COMPILER_APPICON_NAME = AppIcon;
				CODE_SIGN_STYLE = Automatic;
				DEVELOPMENT_TEAM = 5RTZJMVRS2;
				INFOPLIST_FILE = "Tinder Firestore/Info.plist";
				LD_RUNPATH_SEARCH_PATHS = (
					"$(inherited)",
					"@executable_path/Frameworks",
				);
				PRODUCT_BUNDLE_IDENTIFIER = "com.hosam.net.Tinder-Firestore";
				PRODUCT_NAME = "$(TARGET_NAME)";
				SWIFT_VERSION = 4.2;
				TARGETED_DEVICE_FAMILY = "1,2";
			};
			name = Debug;
		};
		4EA086BD2293DD1900DE5EE5 /* Release */ = {
			isa = XCBuildConfiguration;
			baseConfigurationReference = 010AE4DA0874909B2FEFB17F /* Pods-Tinder Firestore.release.xcconfig */;
			buildSettings = {
				ASSETCATALOG_COMPILER_APPICON_NAME = AppIcon;
				CODE_SIGN_STYLE = Automatic;
				DEVELOPMENT_TEAM = 5RTZJMVRS2;
				INFOPLIST_FILE = "Tinder Firestore/Info.plist";
				LD_RUNPATH_SEARCH_PATHS = (
					"$(inherited)",
					"@executable_path/Frameworks",
				);
				PRODUCT_BUNDLE_IDENTIFIER = "com.hosam.net.Tinder-Firestore";
				PRODUCT_NAME = "$(TARGET_NAME)";
				SWIFT_VERSION = 4.2;
				TARGETED_DEVICE_FAMILY = "1,2";
			};
			name = Release;
		};
/* End XCBuildConfiguration section */

/* Begin XCConfigurationList section */
		4EA086A42293DD1700DE5EE5 /* Build configuration list for PBXProject "Tinder Firestore" */ = {
			isa = XCConfigurationList;
			buildConfigurations = (
				4EA086B92293DD1900DE5EE5 /* Debug */,
				4EA086BA2293DD1900DE5EE5 /* Release */,
			);
			defaultConfigurationIsVisible = 0;
			defaultConfigurationName = Release;
		};
		4EA086BB2293DD1900DE5EE5 /* Build configuration list for PBXNativeTarget "Tinder Firestore" */ = {
			isa = XCConfigurationList;
			buildConfigurations = (
				4EA086BC2293DD1900DE5EE5 /* Debug */,
				4EA086BD2293DD1900DE5EE5 /* Release */,
			);
			defaultConfigurationIsVisible = 0;
			defaultConfigurationName = Release;
		};
/* End XCConfigurationList section */
	};
	rootObject = 4EA086A12293DD1700DE5EE5 /* Project object */;
}
